Microsoft Visual Studio Solution File, Format Version 12.00
# Visual Studio Version 17
VisualStudioVersion = 17.5.2.0
MinimumVisualStudioVersion = 10.0.40219.1
Project("{FAE04EC0-301F-11D3-BF4B-00C04F79EFBC}") = "PropertyService", "PropertyService.csproj", "{709DF034-4486-6993-EBDA-0E8C4A791791}"
EndProject
Global
	GlobalSection(SolutionConfigurationPlatforms) = preSolution
		Debug|Any CPU = Debug|Any CPU
		Release|Any CPU = Release|Any CPU
	EndGlobalSection
	GlobalSection(ProjectConfigurationPlatforms) = postSolution
		{709DF034-4486-6993-EBDA-0E8C4A791791}.Debug|Any CPU.ActiveCfg = Debug|Any CPU
		{709DF034-4486-6993-EBDA-0E8C4A791791}.Debug|Any CPU.Build.0 = Debug|Any CPU
		{709DF034-4486-6993-EBDA-0E8C4A791791}.Release|Any CPU.ActiveCfg = Release|Any CPU
		{709DF034-4486-6993-EBDA-0E8C4A791791}.Release|Any CPU.Build.0 = Release|Any CPU
	EndGlobalSection
	GlobalSection(SolutionProperties) = preSolution
		HideSolutionNode = FALSE
	EndGlobalSection
	GlobalSection(ExtensibilityGlobals) = postSolution
		SolutionGuid = {AFAED291-4727-41E9-99C0-3ECF3402ACE2}
	EndGlobalSection
EndGlobal
